
Microsoft Visual Studio Solution File, Format Version 12.00
# Visual Studio Version 16
VisualStudioVersion = 16.0.31829.152
MinimumVisualStudioVersion = 10.0.40219.1
Project("{FAE04EC0-301F-11D3-BF4B-00C04F79EFBC}") = "PruebaTecnica.WebApi", "PruebaTecnica.WebApi\PruebaTecnica.WebApi.csproj", "{49BB66C4-A7D5-48F9-BE5A-BEB7EFEE72B3}"
EndProject
Project("{FAE04EC0-301F-11D3-BF4B-00C04F79EFBC}") = "PruebaTecnica.Services", "PruebaTecnica.Services\PruebaTecnica.Services.csproj", "{2D6A9CF5-CC98-49C2-9743-EB37DE32D871}"
EndProject
Global
	GlobalSection(SolutionConfigurationPlatforms) = preSolution
		Debug|Any CPU = Debug|Any CPU
		Release|Any CPU = Release|Any CPU
	EndGlobalSection
	GlobalSection(ProjectConfigurationPlatforms) = postSolution
		{49BB66C4-A7D5-48F9-BE5A-BEB7EFEE72B3}.Debug|Any CPU.ActiveCfg = Debug|Any CPU
		{49BB66C4-A7D5-48F9-BE5A-BEB7EFEE72B3}.Debug|Any CPU.Build.0 = Debug|Any CPU
		{49BB66C4-A7D5-48F9-BE5A-BEB7EFEE72B3}.Release|Any CPU.ActiveCfg = Release|Any CPU
		{49BB66C4-A7D5-48F9-BE5A-BEB7EFEE72B3}.Release|Any CPU.Build.0 = Release|Any CPU
		{2D6A9CF5-CC98-49C2-9743-EB37DE32D871}.Debug|Any CPU.ActiveCfg = Debug|Any CPU
		{2D6A9CF5-CC98-49C2-9743-EB37DE32D871}.Debug|Any CPU.Build.0 = Debug|Any CPU
		{2D6A9CF5-CC98-49C2-9743-EB37DE32D871}.Release|Any CPU.ActiveCfg = Release|Any CPU
		{2D6A9CF5-CC98-49C2-9743-EB37DE32D871}.Release|Any CPU.Build.0 = Release|Any CPU
	EndGlobalSection
	GlobalSection(SolutionProperties) = preSolution
		HideSolutionNode = FALSE
	EndGlobalSection
	GlobalSection(ExtensibilityGlobals) = postSolution
		SolutionGuid = {8CBCF2DB-3EAE-4FC4-A234-BED5E35FACAF}
	EndGlobalSection
EndGlobal
